
Microsoft Visual Studio Solution File, Format Version 12.00
# Visual Studio 2012
Project("{8BC9CEB8-8B4A-11D0-8D11-00A0C91BC942}") = "QRCodeGenerator", "QRCodeGenerator\QRCodeGenerator.vcxproj", "{628B281C-58F5-4323-8AF6-C6514B14AC68}"
EndProject
Global
	GlobalSection(SolutionConfigurationPlatforms) = preSolution
		Debug|Win32 = Debug|Win32
		Release|Win32 = Release|Win32
	EndGlobalSection
	GlobalSection(ProjectConfigurationPlatforms) = postSolution
		{628B281C-58F5-4323-8AF6-C6514B14AC68}.Debug|Win32.ActiveCfg = Debug|Win32
		{628B281C-58F5-4323-8AF6-C6514B14AC68}.Debug|Win32.Build.0 = Debug|Win32
		{628B281C-58F5-4323-8AF6-C6514B14AC68}.Release|Win32.ActiveCfg = Release|Win32
		{628B281C-58F5-4323-8AF6-C6514B14AC68}.Release|Win32.Build.0 = Release|Win32
	EndGlobalSection
	GlobalSection(SolutionProperties) = preSolution
		HideSolutionNode = FALSE
	EndGlobalSection
EndGlobal
