
Microsoft Visual Studio Solution File, Format Version 9.00
# Visual Studio 2005
Project("{FAE04EC0-301F-11D3-BF4B-00C04F79EFBC}") = "CSTestApp", "CSTestApp\CSTestApp.csproj", "{43BAC4E8-1406-4083-9A9D-E74510D7CA78}"
EndProject
Project("{E6FDF86B-F3D1-11D4-8576-0002A516ECE8}") = "JSTestApp", "JSTestApp\JSTestApp.vjsproj", "{C2BA5E3C-EADB-4743-BA76-2A252F4296AF}"
EndProject
Project("{FAE04EC0-301F-11D3-BF4B-00C04F79EFBC}") = "ProTestApp", "ProTestApp\ProTestApp.csproj", "{79888074-52A9-4CF6-B11A-2FE879E21015}"
EndProject
Global
	GlobalSection(SolutionConfigurationPlatforms) = preSolution
		Debug|Any CPU = Debug|Any CPU
		Debug|Mixed Platforms = Debug|Mixed Platforms
		Debug|x86 = Debug|x86
		Release|Any CPU = Release|Any CPU
		Release|Mixed Platforms = Release|Mixed Platforms
		Release|x86 = Release|x86
	EndGlobalSection
	GlobalSection(ProjectConfigurationPlatforms) = postSolution
		{43BAC4E8-1406-4083-9A9D-E74510D7CA78}.Debug|Any CPU.ActiveCfg = Debug|Any CPU
		{43BAC4E8-1406-4083-9A9D-E74510D7CA78}.Debug|Any CPU.Build.0 = Debug|Any CPU
		{43BAC4E8-1406-4083-9A9D-E74510D7CA78}.Debug|Mixed Platforms.ActiveCfg = Debug|Any CPU
		{43BAC4E8-1406-4083-9A9D-E74510D7CA78}.Debug|Mixed Platforms.Build.0 = Debug|Any CPU
		{43BAC4E8-1406-4083-9A9D-E74510D7CA78}.Debug|x86.ActiveCfg = Debug|Any CPU
		{43BAC4E8-1406-4083-9A9D-E74510D7CA78}.Release|Any CPU.ActiveCfg = Release|Any CPU
		{43BAC4E8-1406-4083-9A9D-E74510D7CA78}.Release|Any CPU.Build.0 = Release|Any CPU
		{43BAC4E8-1406-4083-9A9D-E74510D7CA78}.Release|Mixed Platforms.ActiveCfg = Release|Any CPU
		{43BAC4E8-1406-4083-9A9D-E74510D7CA78}.Release|Mixed Platforms.Build.0 = Release|Any CPU
		{43BAC4E8-1406-4083-9A9D-E74510D7CA78}.Release|x86.ActiveCfg = Release|Any CPU
		{C2BA5E3C-EADB-4743-BA76-2A252F4296AF}.Debug|Any CPU.ActiveCfg = Debug|x86
		{C2BA5E3C-EADB-4743-BA76-2A252F4296AF}.Debug|Mixed Platforms.ActiveCfg = Debug|x86
		{C2BA5E3C-EADB-4743-BA76-2A252F4296AF}.Debug|Mixed Platforms.Build.0 = Debug|x86
		{C2BA5E3C-EADB-4743-BA76-2A252F4296AF}.Debug|x86.ActiveCfg = Debug|x86
		{C2BA5E3C-EADB-4743-BA76-2A252F4296AF}.Debug|x86.Build.0 = Debug|x86
		{C2BA5E3C-EADB-4743-BA76-2A252F4296AF}.Release|Any CPU.ActiveCfg = Release|x86
		{C2BA5E3C-EADB-4743-BA76-2A252F4296AF}.Release|Mixed Platforms.ActiveCfg = Release|x86
		{C2BA5E3C-EADB-4743-BA76-2A252F4296AF}.Release|Mixed Platforms.Build.0 = Release|x86
		{C2BA5E3C-EADB-4743-BA76-2A252F4296AF}.Release|x86.ActiveCfg = Release|x86
		{C2BA5E3C-EADB-4743-BA76-2A252F4296AF}.Release|x86.Build.0 = Release|x86
		{79888074-52A9-4CF6-B11A-2FE879E21015}.Debug|Any CPU.ActiveCfg = Debug|Any CPU
		{79888074-52A9-4CF6-B11A-2FE879E21015}.Debug|Any CPU.Build.0 = Debug|Any CPU
		{79888074-52A9-4CF6-B11A-2FE879E21015}.Debug|Mixed Platforms.ActiveCfg = Debug|Any CPU
		{79888074-52A9-4CF6-B11A-2FE879E21015}.Debug|Mixed Platforms.Build.0 = Debug|Any CPU
		{79888074-52A9-4CF6-B11A-2FE879E21015}.Debug|x86.ActiveCfg = Debug|Any CPU
		{79888074-52A9-4CF6-B11A-2FE879E21015}.Release|Any CPU.ActiveCfg = Release|Any CPU
		{79888074-52A9-4CF6-B11A-2FE879E21015}.Release|Any CPU.Build.0 = Release|Any CPU
		{79888074-52A9-4CF6-B11A-2FE879E21015}.Release|Mixed Platforms.ActiveCfg = Release|Any CPU
		{79888074-52A9-4CF6-B11A-2FE879E21015}.Release|Mixed Platforms.Build.0 = Release|Any CPU
		{79888074-52A9-4CF6-B11A-2FE879E21015}.Release|x86.ActiveCfg = Release|Any CPU
	EndGlobalSection
	GlobalSection(SolutionProperties) = preSolution
		HideSolutionNode = FALSE
	EndGlobalSection
EndGlobal
