
Microsoft Visual Studio Solution File, Format Version 10.00
# Visual Studio 2008
Project("{8BC9CEB8-8B4A-11D0-8D11-00A0C91BC942}") = "vsthost", "vsthost24.vcproj", "{88EFDBE0-75FC-4345-B1DC-B662E35C3E26}"
EndProject
Global
	GlobalSection(SolutionConfigurationPlatforms) = preSolution
		Debug|Win32 = Debug|Win32
		Release Trace|Win32 = Release Trace|Win32
		Release|Win32 = Release|Win32
	EndGlobalSection
	GlobalSection(ProjectConfigurationPlatforms) = postSolution
		{88EFDBE0-75FC-4345-B1DC-B662E35C3E26}.Debug|Win32.ActiveCfg = Debug|Win32
		{88EFDBE0-75FC-4345-B1DC-B662E35C3E26}.Debug|Win32.Build.0 = Debug|Win32
		{88EFDBE0-75FC-4345-B1DC-B662E35C3E26}.Release Trace|Win32.ActiveCfg = Release Trace|Win32
		{88EFDBE0-75FC-4345-B1DC-B662E35C3E26}.Release Trace|Win32.Build.0 = Release Trace|Win32
		{88EFDBE0-75FC-4345-B1DC-B662E35C3E26}.Release|Win32.ActiveCfg = Release|Win32
		{88EFDBE0-75FC-4345-B1DC-B662E35C3E26}.Release|Win32.Build.0 = Release|Win32
	EndGlobalSection
	GlobalSection(SolutionProperties) = preSolution
		HideSolutionNode = FALSE
	EndGlobalSection
EndGlobal
