<?xml version="1.0" encoding="utf-8"?>
<Project ToolsVersion="4.0" xmlns="http://schemas.microsoft.com/developer/msbuild/2003">
  <ItemGroup>
    <Filter Include="Source Files">
      <UniqueIdentifier>{4FC737F1-C7A5-4376-A066-2A32D752A2FF}</UniqueIdentifier>
      <Extensions>cpp;c;cc;cxx;def;odl;idl;hpj;bat;asm;asmx</Extensions>
    </Filter>
    <Filter Include="Header Files">
      <UniqueIdentifier>{93995380-89BD-4b04-88EB-625FBE52EBFB}</UniqueIdentifier>
      <Extensions>h;hpp;hxx;hm;inl;inc;xsd</Extensions>
    </Filter>
    <Filter Include="Resource Files">
      <UniqueIdentifier>{67DA6AB6-F800-4c08-8B7A-83BB121AAD01}</UniqueIdentifier>
      <Extensions>rc;ico;cur;bmp;dlg;rc2;rct;bin;rgs;gif;jpg;jpeg;jpe;resx;tiff;tif;png;wav</Extensions>
    </Filter>
    <Filter Include="Header Files\Common">
      <UniqueIdentifier>{68659a1b-fd7c-4ec9-8f63-e227b233ef11}</UniqueIdentifier>
    </Filter>
    <Filter Include="Source Files\Common">
      <UniqueIdentifier>{352c53ca-c60f-4f0a-9cbb-f03433b20e01}</UniqueIdentifier>
    </Filter>
    <Filter Include="Header Files\SynoTFKey">
      <UniqueIdentifier>{0a44d8f7-dcb3-4e9a-9e90-ac61d666fc7b}</UniqueIdentifier>
    </Filter>
    <Filter Include="Source Files\SynoTFKey">
      <UniqueIdentifier>{08d2d3ce-a2e4-4ad0-bf77-070fdb776799}</UniqueIdentifier>
    </Filter>
  </ItemGroup>
  <ItemGroup>
    <ClCompile Include="decrypt.c">
      <Filter>Source Files</Filter>
    </ClCompile>
    <ClCompile Include="digest.c">
      <Filter>Source Files</Filter>
    </ClCompile>
    <ClCompile Include="dual.c">
      <Filter>Source Files</Filter>
    </ClCompile>
    <ClCompile Include="encrypt.c">
      <Filter>Source Files</Filter>
    </ClCompile>
    <ClCompile Include="error.c">
      <Filter>Source Files</Filter>
    </ClCompile>
    <ClCompile Include="getInfo.c">
      <Filter>Source Files</Filter>
    </ClCompile>
    <ClCompile Include="hash.c">
      <Filter>Source Files</Filter>
    </ClCompile>
    <ClCompile Include="init.c">
      <Filter>Source Files</Filter>
    </ClCompile>
    <ClCompile Include="key_mng.c">
      <Filter>Source Files</Filter>
    </ClCompile>
    <ClCompile Include="mutex.c">
      <Filter>Source Files</Filter>
    </ClCompile>
    <ClCompile Include="objects.c">
      <Filter>Source Files</Filter>
    </ClCompile>
    <ClCompile Include="other_fkts.c">
      <Filter>Source Files</Filter>
    </ClCompile>
    <ClCompile Include="random.c">
      <Filter>Source Files</Filter>
    </ClCompile>
    <ClCompile Include="sessions.c">
      <Filter>Source Files</Filter>
    </ClCompile>
    <ClCompile Include="sign.c">
      <Filter>Source Files</Filter>
    </ClCompile>
    <ClCompile Include="slot.c">
      <Filter>Source Files</Filter>
    </ClCompile>
    <ClCompile Include="utils.c">
      <Filter>Source Files</Filter>
    </ClCompile>
    <ClCompile Include="verify.c">
      <Filter>Source Files</Filter>
    </ClCompile>
    <ClCompile Include="..\Common\SynoLog.c">
      <Filter>Source Files\Common</Filter>
    </ClCompile>
    <ClCompile Include="..\Common\SynoMemory.c">
      <Filter>Source Files\Common</Filter>
    </ClCompile>
    <ClCompile Include="..\Common\SynoError.c">
      <Filter>Source Files\Common</Filter>
    </ClCompile>
    <ClCompile Include="token.c">
      <Filter>Source Files</Filter>
    </ClCompile>
    <ClCompile Include="..\Common\SynoConvert.c">
      <Filter>Source Files\Common</Filter>
    </ClCompile>
    <ClCompile Include="..\SynoTFKey\device.c">
      <Filter>Source Files\SynoTFKey</Filter>
    </ClCompile>
    <ClCompile Include="..\SynoTFKey\skfsha1.c">
      <Filter>Source Files\SynoTFKey</Filter>
    </ClCompile>
    <ClCompile Include="..\SynoTFKey\skfsms4.c">
      <Filter>Source Files\SynoTFKey</Filter>
    </ClCompile>
    <ClCompile Include="..\SynoTFKey\smartcard.c">
      <Filter>Source Files\SynoTFKey</Filter>
    </ClCompile>
    <ClCompile Include="SynoTFKeyP11.c">
      <Filter>Source Files</Filter>
    </ClCompile>
    <ClCompile Include="..\Common\SynoDataPadding.c">
      <Filter>Source Files\Common</Filter>
    </ClCompile>
  </ItemGroup>
  <ItemGroup>
    <ClInclude Include="error.h">
      <Filter>Header Files</Filter>
    </ClInclude>
    <ClInclude Include="hash.h">
      <Filter>Header Files</Filter>
    </ClInclude>
    <ClInclude Include="init.h">
      <Filter>Header Files</Filter>
    </ClInclude>
    <ClInclude Include="internal.h">
      <Filter>Header Files</Filter>
    </ClInclude>
    <ClInclude Include="mutex.h">
      <Filter>Header Files</Filter>
    </ClInclude>
    <ClInclude Include="obj_defaults.h">
      <Filter>Header Files</Filter>
    </ClInclude>
    <ClInclude Include="objects.h">
      <Filter>Header Files</Filter>
    </ClInclude>
    <ClInclude Include="slot.h">
      <Filter>Header Files</Filter>
    </ClInclude>
    <ClInclude Include="template.h">
      <Filter>Header Files</Filter>
    </ClInclude>
    <ClInclude Include="utils.h">
      <Filter>Header Files</Filter>
    </ClInclude>
    <ClInclude Include="..\Common\SynoLog.h">
      <Filter>Header Files\Common</Filter>
    </ClInclude>
    <ClInclude Include="..\Common\SynoMemory.h">
      <Filter>Header Files\Common</Filter>
    </ClInclude>
    <ClInclude Include="..\Common\SynoError.h">
      <Filter>Header Files\Common</Filter>
    </ClInclude>
    <ClInclude Include="..\Common\SynoHeaders.h">
      <Filter>Header Files\Common</Filter>
    </ClInclude>
    <ClInclude Include="..\Common\SynoType.h">
      <Filter>Header Files\Common</Filter>
    </ClInclude>
    <ClInclude Include="token.h">
      <Filter>Header Files</Filter>
    </ClInclude>
    <ClInclude Include="..\Common\SynoConvert.h">
      <Filter>Header Files\Common</Filter>
    </ClInclude>
    <ClInclude Include="..\SynoTFKey\device.h">
      <Filter>Header Files\SynoTFKey</Filter>
    </ClInclude>
    <ClInclude Include="..\SynoTFKey\skfsha1.h">
      <Filter>Header Files\SynoTFKey</Filter>
    </ClInclude>
    <ClInclude Include="..\SynoTFKey\skfsms4.h">
      <Filter>Header Files\SynoTFKey</Filter>
    </ClInclude>
    <ClInclude Include="..\SynoTFKey\smartcard.h">
      <Filter>Header Files\SynoTFKey</Filter>
    </ClInclude>
    <ClInclude Include="SynoTFKeyP11.h">
      <Filter>Header Files</Filter>
    </ClInclude>
    <ClInclude Include="..\SynoTFKey\defines.h">
      <Filter>Header Files\SynoTFKey</Filter>
    </ClInclude>
    <ClInclude Include="..\Common\SynoDataPadding.h">
      <Filter>Header Files\Common</Filter>
    </ClInclude>
  </ItemGroup>
</Project>