Microsoft Visual Studio Solution File, Format Version 8.00
Project("{8BC9CEB8-8B4A-11D0-8D11-00A0C91BC942}") = "TestEdit", "TestEdit\TestEdit.vcproj", "{724ED61D-2866-4E82-AA31-8F15C2E30A77}"
	ProjectSection(ProjectDependencies) = postProject
	EndProjectSection
EndProject
Global
	GlobalSection(SolutionConfiguration) = preSolution
		Debug = Debug
		Release = Release
	EndGlobalSection
	GlobalSection(ProjectConfiguration) = postSolution
		{724ED61D-2866-4E82-AA31-8F15C2E30A77}.Debug.ActiveCfg = Debug|Win32
		{724ED61D-2866-4E82-AA31-8F15C2E30A77}.Debug.Build.0 = Debug|Win32
		{724ED61D-2866-4E82-AA31-8F15C2E30A77}.Release.ActiveCfg = Release|Win32
		{724ED61D-2866-4E82-AA31-8F15C2E30A77}.Release.Build.0 = Release|Win32
	EndGlobalSection
	GlobalSection(ExtensibilityGlobals) = postSolution
	EndGlobalSection
	GlobalSection(ExtensibilityAddIns) = postSolution
	EndGlobalSection
EndGlobal
