
Microsoft Visual Studio Solution File, Format Version 10.00
# Visual Studio 2008
Project("{8BC9CEB8-8B4A-11D0-8D11-00A0C91BC942}") = "SynoTFKeySKFTest", "SynoTFKeySKFTest\SynoTFKeySKFTest.vcproj", "{FB1309E7-E3DB-44E3-B89E-37D349EBF523}"
EndProject
Project("{8BC9CEB8-8B4A-11D0-8D11-00A0C91BC942}") = "SynoTFKeySKF", "SynoTFKeySKF\SynoTFKeySKF.vcproj", "{FA4C0879-52DA-438B-98A4-2D6CDEF06A4B}"
EndProject
Project("{8BC9CEB8-8B4A-11D0-8D11-00A0C91BC942}") = "SynoTFKeyPkcs11", "SynoTFKeyPkcs11\SynoTFKeyPkcs11.vcproj", "{E8576745-7233-47D0-A253-DA11CCD0EA12}"
EndProject
Project("{8BC9CEB8-8B4A-11D0-8D11-00A0C91BC942}") = "SynoTFKeySDKTest", "SynoTFKeySDKTest\SynoTFKeySDKTest.vcproj", "{EA38D8D1-31CD-4C74-83F3-A091CCF37534}"
EndProject
Global
	GlobalSection(SolutionConfigurationPlatforms) = preSolution
		Debug|Win32 = Debug|Win32
		Release|Win32 = Release|Win32
	EndGlobalSection
	GlobalSection(ProjectConfigurationPlatforms) = postSolution
		{FB1309E7-E3DB-44E3-B89E-37D349EBF523}.Debug|Win32.ActiveCfg = Debug|Win32
		{FB1309E7-E3DB-44E3-B89E-37D349EBF523}.Debug|Win32.Build.0 = Debug|Win32
		{FB1309E7-E3DB-44E3-B89E-37D349EBF523}.Release|Win32.ActiveCfg = Release|Win32
		{FB1309E7-E3DB-44E3-B89E-37D349EBF523}.Release|Win32.Build.0 = Release|Win32
		{FA4C0879-52DA-438B-98A4-2D6CDEF06A4B}.Debug|Win32.ActiveCfg = Debug|Win32
		{FA4C0879-52DA-438B-98A4-2D6CDEF06A4B}.Debug|Win32.Build.0 = Debug|Win32
		{FA4C0879-52DA-438B-98A4-2D6CDEF06A4B}.Release|Win32.ActiveCfg = Release|Win32
		{FA4C0879-52DA-438B-98A4-2D6CDEF06A4B}.Release|Win32.Build.0 = Release|Win32
		{E8576745-7233-47D0-A253-DA11CCD0EA12}.Debug|Win32.ActiveCfg = Debug|Win32
		{E8576745-7233-47D0-A253-DA11CCD0EA12}.Debug|Win32.Build.0 = Debug|Win32
		{E8576745-7233-47D0-A253-DA11CCD0EA12}.Release|Win32.ActiveCfg = Release|Win32
		{E8576745-7233-47D0-A253-DA11CCD0EA12}.Release|Win32.Build.0 = Release|Win32
		{EA38D8D1-31CD-4C74-83F3-A091CCF37534}.Debug|Win32.ActiveCfg = Debug|Win32
		{EA38D8D1-31CD-4C74-83F3-A091CCF37534}.Debug|Win32.Build.0 = Debug|Win32
		{EA38D8D1-31CD-4C74-83F3-A091CCF37534}.Release|Win32.ActiveCfg = Release|Win32
		{EA38D8D1-31CD-4C74-83F3-A091CCF37534}.Release|Win32.Build.0 = Release|Win32
	EndGlobalSection
	GlobalSection(SolutionProperties) = preSolution
		HideSolutionNode = FALSE
	EndGlobalSection
EndGlobal
