
Microsoft Visual Studio Solution File, Format Version 10.00
# Visual Studio 2008
Project("{8BC9CEB8-8B4A-11D0-8D11-00A0C91BC942}") = "VGSCoreDLL", "VGSCoreDLL.vcproj", "{55A77E3A-66FA-41A5-873F-CF9495751BDA}"
EndProject
Global
	GlobalSection(SolutionConfigurationPlatforms) = preSolution
		Debug|Win32 = Debug|Win32
		Release MinDependency|Win32 = Release MinDependency|Win32
		Release MinSize|Win32 = Release MinSize|Win32
		Release|Win32 = Release|Win32
		Unicode Debug|Win32 = Unicode Debug|Win32
		Unicode Release MinDependency|Win32 = Unicode Release MinDependency|Win32
		Unicode Release MinSize|Win32 = Unicode Release MinSize|Win32
	EndGlobalSection
	GlobalSection(ProjectConfigurationPlatforms) = postSolution
		{55A77E3A-66FA-41A5-873F-CF9495751BDA}.Debug|Win32.ActiveCfg = Debug|Win32
		{55A77E3A-66FA-41A5-873F-CF9495751BDA}.Debug|Win32.Build.0 = Debug|Win32
		{55A77E3A-66FA-41A5-873F-CF9495751BDA}.Release MinDependency|Win32.ActiveCfg = Release|Win32
		{55A77E3A-66FA-41A5-873F-CF9495751BDA}.Release MinDependency|Win32.Build.0 = Release|Win32
		{55A77E3A-66FA-41A5-873F-CF9495751BDA}.Release MinSize|Win32.ActiveCfg = Release|Win32
		{55A77E3A-66FA-41A5-873F-CF9495751BDA}.Release MinSize|Win32.Build.0 = Release|Win32
		{55A77E3A-66FA-41A5-873F-CF9495751BDA}.Release|Win32.ActiveCfg = Release|Win32
		{55A77E3A-66FA-41A5-873F-CF9495751BDA}.Release|Win32.Build.0 = Release|Win32
		{55A77E3A-66FA-41A5-873F-CF9495751BDA}.Unicode Debug|Win32.ActiveCfg = Debug|Win32
		{55A77E3A-66FA-41A5-873F-CF9495751BDA}.Unicode Debug|Win32.Build.0 = Debug|Win32
		{55A77E3A-66FA-41A5-873F-CF9495751BDA}.Unicode Release MinDependency|Win32.ActiveCfg = Release|Win32
		{55A77E3A-66FA-41A5-873F-CF9495751BDA}.Unicode Release MinDependency|Win32.Build.0 = Release|Win32
		{55A77E3A-66FA-41A5-873F-CF9495751BDA}.Unicode Release MinSize|Win32.ActiveCfg = Release|Win32
		{55A77E3A-66FA-41A5-873F-CF9495751BDA}.Unicode Release MinSize|Win32.Build.0 = Release|Win32
	EndGlobalSection
	GlobalSection(SolutionProperties) = preSolution
		HideSolutionNode = FALSE
	EndGlobalSection
EndGlobal
